
Microsoft Visual Studio Solution File, Format Version 12.00
# Visual Studio 15
VisualStudioVersion = 15.0.26124.0
MinimumVisualStudioVersion = 15.0.26124.0
Project("{FAE04EC0-301F-11D3-BF4B-00C04F79EFBC}") = "API", "API\API.csproj", "{8AAF4D79-3618-4C4E-B9B7-33CABEA0220C}"
EndProject
Project("{FAE04EC0-301F-11D3-BF4B-00C04F79EFBC}") = "Application", "Application\Application.csproj", "{93B961CE-825E-4C53-99F1-BAD9A66B371B}"
EndProject
Project("{FAE04EC0-301F-11D3-BF4B-00C04F79EFBC}") = "Persistence", "Persistence\Persistence.csproj", "{C6F4EB2D-F7FF-4192-B5A3-3FA5EBF0A3BB}"
EndProject
Project("{FAE04EC0-301F-11D3-BF4B-00C04F79EFBC}") = "Domain", "Domain\Domain.csproj", "{79EC1552-151F-49C0-8291-317C38CECD4D}"
EndProject
Global
	GlobalSection(SolutionConfigurationPlatforms) = preSolution
		Debug|Any CPU = Debug|Any CPU
		Debug|x64 = Debug|x64
		Debug|x86 = Debug|x86
		Release|Any CPU = Release|Any CPU
		Release|x64 = Release|x64
		Release|x86 = Release|x86
	EndGlobalSection
	GlobalSection(SolutionProperties) = preSolution
		HideSolutionNode = FALSE
	EndGlobalSection
	GlobalSection(ProjectConfigurationPlatforms) = postSolution
		{8AAF4D79-3618-4C4E-B9B7-33CABEA0220C}.Debug|Any CPU.ActiveCfg = Debug|Any CPU
		{8AAF4D79-3618-4C4E-B9B7-33CABEA0220C}.Debug|Any CPU.Build.0 = Debug|Any CPU
		{8AAF4D79-3618-4C4E-B9B7-33CABEA0220C}.Debug|x64.ActiveCfg = Debug|Any CPU
		{8AAF4D79-3618-4C4E-B9B7-33CABEA0220C}.Debug|x64.Build.0 = Debug|Any CPU
		{8AAF4D79-3618-4C4E-B9B7-33CABEA0220C}.Debug|x86.ActiveCfg = Debug|Any CPU
		{8AAF4D79-3618-4C4E-B9B7-33CABEA0220C}.Debug|x86.Build.0 = Debug|Any CPU
		{8AAF4D79-3618-4C4E-B9B7-33CABEA0220C}.Release|Any CPU.ActiveCfg = Release|Any CPU
		{8AAF4D79-3618-4C4E-B9B7-33CABEA0220C}.Release|Any CPU.Build.0 = Release|Any CPU
		{8AAF4D79-3618-4C4E-B9B7-33CABEA0220C}.Release|x64.ActiveCfg = Release|Any CPU
		{8AAF4D79-3618-4C4E-B9B7-33CABEA0220C}.Release|x64.Build.0 = Release|Any CPU
		{8AAF4D79-3618-4C4E-B9B7-33CABEA0220C}.Release|x86.ActiveCfg = Release|Any CPU
		{8AAF4D79-3618-4C4E-B9B7-33CABEA0220C}.Release|x86.Build.0 = Release|Any CPU
		{93B961CE-825E-4C53-99F1-BAD9A66B371B}.Debug|Any CPU.ActiveCfg = Debug|Any CPU
		{93B961CE-825E-4C53-99F1-BAD9A66B371B}.Debug|Any CPU.Build.0 = Debug|Any CPU
		{93B961CE-825E-4C53-99F1-BAD9A66B371B}.Debug|x64.ActiveCfg = Debug|Any CPU
		{93B961CE-825E-4C53-99F1-BAD9A66B371B}.Debug|x64.Build.0 = Debug|Any CPU
		{93B961CE-825E-4C53-99F1-BAD9A66B371B}.Debug|x86.ActiveCfg = Debug|Any CPU
		{93B961CE-825E-4C53-99F1-BAD9A66B371B}.Debug|x86.Build.0 = Debug|Any CPU
		{93B961CE-825E-4C53-99F1-BAD9A66B371B}.Release|Any CPU.ActiveCfg = Release|Any CPU
		{93B961CE-825E-4C53-99F1-BAD9A66B371B}.Release|Any CPU.Build.0 = Release|Any CPU
		{93B961CE-825E-4C53-99F1-BAD9A66B371B}.Release|x64.ActiveCfg = Release|Any CPU
		{93B961CE-825E-4C53-99F1-BAD9A66B371B}.Release|x64.Build.0 = Release|Any CPU
		{93B961CE-825E-4C53-99F1-BAD9A66B371B}.Release|x86.ActiveCfg = Release|Any CPU
		{93B961CE-825E-4C53-99F1-BAD9A66B371B}.Release|x86.Build.0 = Release|Any CPU
		{C6F4EB2D-F7FF-4192-B5A3-3FA5EBF0A3BB}.Debug|Any CPU.ActiveCfg = Debug|Any CPU
		{C6F4EB2D-F7FF-4192-B5A3-3FA5EBF0A3BB}.Debug|Any CPU.Build.0 = Debug|Any CPU
		{C6F4EB2D-F7FF-4192-B5A3-3FA5EBF0A3BB}.Debug|x64.ActiveCfg = Debug|Any CPU
		{C6F4EB2D-F7FF-4192-B5A3-3FA5EBF0A3BB}.Debug|x64.Build.0 = Debug|Any CPU
		{C6F4EB2D-F7FF-4192-B5A3-3FA5EBF0A3BB}.Debug|x86.ActiveCfg = Debug|Any CPU
		{C6F4EB2D-F7FF-4192-B5A3-3FA5EBF0A3BB}.Debug|x86.Build.0 = Debug|Any CPU
		{C6F4EB2D-F7FF-4192-B5A3-3FA5EBF0A3BB}.Release|Any CPU.ActiveCfg = Release|Any CPU
		{C6F4EB2D-F7FF-4192-B5A3-3FA5EBF0A3BB}.Release|Any CPU.Build.0 = Release|Any CPU
		{C6F4EB2D-F7FF-4192-B5A3-3FA5EBF0A3BB}.Release|x64.ActiveCfg = Release|Any CPU
		{C6F4EB2D-F7FF-4192-B5A3-3FA5EBF0A3BB}.Release|x64.Build.0 = Release|Any CPU
		{C6F4EB2D-F7FF-4192-B5A3-3FA5EBF0A3BB}.Release|x86.ActiveCfg = Release|Any CPU
		{C6F4EB2D-F7FF-4192-B5A3-3FA5EBF0A3BB}.Release|x86.Build.0 = Release|Any CPU
		{79EC1552-151F-49C0-8291-317C38CECD4D}.Debug|Any CPU.ActiveCfg = Debug|Any CPU
		{79EC1552-151F-49C0-8291-317C38CECD4D}.Debug|Any CPU.Build.0 = Debug|Any CPU
		{79EC1552-151F-49C0-8291-317C38CECD4D}.Debug|x64.ActiveCfg = Debug|Any CPU
		{79EC1552-151F-49C0-8291-317C38CECD4D}.Debug|x64.Build.0 = Debug|Any CPU
		{79EC1552-151F-49C0-8291-317C38CECD4D}.Debug|x86.ActiveCfg = Debug|Any CPU
		{79EC1552-151F-49C0-8291-317C38CECD4D}.Debug|x86.Build.0 = Debug|Any CPU
		{79EC1552-151F-49C0-8291-317C38CECD4D}.Release|Any CPU.ActiveCfg = Release|Any CPU
		{79EC1552-151F-49C0-8291-317C38CECD4D}.Release|Any CPU.Build.0 = Release|Any CPU
		{79EC1552-151F-49C0-8291-317C38CECD4D}.Release|x64.ActiveCfg = Release|Any CPU
		{79EC1552-151F-49C0-8291-317C38CECD4D}.Release|x64.Build.0 = Release|Any CPU
		{79EC1552-151F-49C0-8291-317C38CECD4D}.Release|x86.ActiveCfg = Release|Any CPU
		{79EC1552-151F-49C0-8291-317C38CECD4D}.Release|x86.Build.0 = Release|Any CPU
	EndGlobalSection
EndGlobal
